
Microsoft Visual Studio Solution File, Format Version 12.00
# Visual Studio Version 16
VisualStudioVersion = 25.0.1706.9
MinimumVisualStudioVersion = 10.0.40219.1
Project("{FAE04EC0-301F-11D3-BF4B-00C04F79EFBC}") = "TM05", "TM05\TM05.csproj", "{631D2F44-FF2E-4E70-9D13-4EC2CA700BD8}"
EndProject
Global
	GlobalSection(SolutionConfigurationPlatforms) = preSolution
		Debug|Any CPU = Debug|Any CPU
		Release|Any CPU = Release|Any CPU
	EndGlobalSection
	GlobalSection(ProjectConfigurationPlatforms) = postSolution
		{631D2F44-FF2E-4E70-9D13-4EC2CA700BD8}.Debug|Any CPU.ActiveCfg = Debug|Any CPU
		{631D2F44-FF2E-4E70-9D13-4EC2CA700BD8}.Debug|Any CPU.Build.0 = Debug|Any CPU
		{631D2F44-FF2E-4E70-9D13-4EC2CA700BD8}.Release|Any CPU.ActiveCfg = Release|Any CPU
		{631D2F44-FF2E-4E70-9D13-4EC2CA700BD8}.Release|Any CPU.Build.0 = Release|Any CPU
	EndGlobalSection
	GlobalSection(SolutionProperties) = preSolution
		HideSolutionNode = FALSE
	EndGlobalSection
	GlobalSection(ExtensibilityGlobals) = postSolution
		SolutionGuid = {D634CF93-9358-4A27-9A37-7FC0DA4BBBA3}
	EndGlobalSection
EndGlobal
